
Microsoft Visual Studio Solution File, Format Version 12.00
# Visual Studio Version 17
VisualStudioVersion = 17.7.34221.43
MinimumVisualStudioVersion = 10.0.40219.1
Project("{FAE04EC0-301F-11D3-BF4B-00C04F79EFBC}") = "SQLGenerator", "SQLGenerator\SQLGenerator.csproj", "{2F0E0E21-B0FB-4043-93E5-E0FD06FFA546}"
EndProject
Project("{FAE04EC0-301F-11D3-BF4B-00C04F79EFBC}") = "SqlGeneratorLibrary", "SqlGeneratorLibrary\SqlGeneratorLibrary.csproj", "{EE6CE3FB-4B85-4194-B42D-9B9A2E88637B}"
EndProject
Global
	GlobalSection(SolutionConfigurationPlatforms) = preSolution
		Debug|Any CPU = Debug|Any CPU
		Release|Any CPU = Release|Any CPU
	EndGlobalSection
	GlobalSection(ProjectConfigurationPlatforms) = postSolution
		{2F0E0E21-B0FB-4043-93E5-E0FD06FFA546}.Debug|Any CPU.ActiveCfg = Debug|Any CPU
		{2F0E0E21-B0FB-4043-93E5-E0FD06FFA546}.Debug|Any CPU.Build.0 = Debug|Any CPU
		{2F0E0E21-B0FB-4043-93E5-E0FD06FFA546}.Release|Any CPU.ActiveCfg = Release|Any CPU
		{2F0E0E21-B0FB-4043-93E5-E0FD06FFA546}.Release|Any CPU.Build.0 = Release|Any CPU
		{EE6CE3FB-4B85-4194-B42D-9B9A2E88637B}.Debug|Any CPU.ActiveCfg = Debug|Any CPU
		{EE6CE3FB-4B85-4194-B42D-9B9A2E88637B}.Debug|Any CPU.Build.0 = Debug|Any CPU
		{EE6CE3FB-4B85-4194-B42D-9B9A2E88637B}.Release|Any CPU.ActiveCfg = Release|Any CPU
		{EE6CE3FB-4B85-4194-B42D-9B9A2E88637B}.Release|Any CPU.Build.0 = Release|Any CPU
	EndGlobalSection
	GlobalSection(SolutionProperties) = preSolution
		HideSolutionNode = FALSE
	EndGlobalSection
	GlobalSection(ExtensibilityGlobals) = postSolution
		SolutionGuid = {D8F553FA-20E2-4811-8382-B2B4B300D4F6}
	EndGlobalSection
EndGlobal
